
Microsoft Visual Studio Solution File, Format Version 12.00
# Visual Studio Version 17
VisualStudioVersion = 17.0.32112.339
MinimumVisualStudioVersion = 10.0.40219.1
Project("{FAE04EC0-301F-11D3-BF4B-00C04F79EFBC}") = "WindowsUpdateKiller", "WindowsUpdateKiller\WindowsUpdateKiller.csproj", "{8BCCC7A3-F84F-415E-9886-1412805BAE47}"
EndProject
Global
	GlobalSection(SolutionConfigurationPlatforms) = preSolution
		Debug|Any CPU = Debug|Any CPU
		Release|Any CPU = Release|Any CPU
	EndGlobalSection
	GlobalSection(ProjectConfigurationPlatforms) = postSolution
		{8BCCC7A3-F84F-415E-9886-1412805BAE47}.Debug|Any CPU.ActiveCfg = Debug|Any CPU
		{8BCCC7A3-F84F-415E-9886-1412805BAE47}.Debug|Any CPU.Build.0 = Debug|Any CPU
		{8BCCC7A3-F84F-415E-9886-1412805BAE47}.Release|Any CPU.ActiveCfg = Release|Any CPU
		{8BCCC7A3-F84F-415E-9886-1412805BAE47}.Release|Any CPU.Build.0 = Release|Any CPU
	EndGlobalSection
	GlobalSection(SolutionProperties) = preSolution
		HideSolutionNode = FALSE
	EndGlobalSection
	GlobalSection(ExtensibilityGlobals) = postSolution
		SolutionGuid = {2A730AB0-B92E-4DBF-8422-25B28D344440}
	EndGlobalSection
EndGlobal
